
Microsoft Visual Studio Solution File, Format Version 12.00
# Visual Studio Version 17
VisualStudioVersion = 17.10.35027.167
MinimumVisualStudioVersion = 10.0.40219.1
Project("{FAE04EC0-301F-11D3-BF4B-00C04F79EFBC}") = "ZoneGuardLabs.Server", "ZoneGuardLabs.Server\ZoneGuardLabs.Server.csproj", "{B62DAE38-57E4-459B-96FD-6C54BE97ABD3}"
EndProject
Project("{54A90642-561A-4BB1-A94E-469ADEE60C69}") = "zoneguardlabs.client", "zoneguardlabs.client\zoneguardlabs.client.esproj", "{9AB915DB-8B38-4E8F-886B-E9A6911A2491}"
EndProject
Global
	GlobalSection(SolutionConfigurationPlatforms) = preSolution
		Debug|Any CPU = Debug|Any CPU
		Release|Any CPU = Release|Any CPU
	EndGlobalSection
	GlobalSection(ProjectConfigurationPlatforms) = postSolution
		{B62DAE38-57E4-459B-96FD-6C54BE97ABD3}.Debug|Any CPU.ActiveCfg = Debug|Any CPU
		{B62DAE38-57E4-459B-96FD-6C54BE97ABD3}.Debug|Any CPU.Build.0 = Debug|Any CPU
		{B62DAE38-57E4-459B-96FD-6C54BE97ABD3}.Release|Any CPU.ActiveCfg = Release|Any CPU
		{B62DAE38-57E4-459B-96FD-6C54BE97ABD3}.Release|Any CPU.Build.0 = Release|Any CPU
		{9AB915DB-8B38-4E8F-886B-E9A6911A2491}.Debug|Any CPU.ActiveCfg = Debug|Any CPU
		{9AB915DB-8B38-4E8F-886B-E9A6911A2491}.Debug|Any CPU.Build.0 = Debug|Any CPU
		{9AB915DB-8B38-4E8F-886B-E9A6911A2491}.Debug|Any CPU.Deploy.0 = Debug|Any CPU
		{9AB915DB-8B38-4E8F-886B-E9A6911A2491}.Release|Any CPU.ActiveCfg = Release|Any CPU
		{9AB915DB-8B38-4E8F-886B-E9A6911A2491}.Release|Any CPU.Build.0 = Release|Any CPU
		{9AB915DB-8B38-4E8F-886B-E9A6911A2491}.Release|Any CPU.Deploy.0 = Release|Any CPU
	EndGlobalSection
	GlobalSection(SolutionProperties) = preSolution
		HideSolutionNode = FALSE
	EndGlobalSection
	GlobalSection(ExtensibilityGlobals) = postSolution
		SolutionGuid = {CB208FE5-4909-4A76-B73A-321BFC47D47C}
	EndGlobalSection
EndGlobal
